
Microsoft Visual Studio Solution File, Format Version 12.00
# Visual Studio 14
VisualStudioVersion = 14.0.24720.0
MinimumVisualStudioVersion = 10.0.40219.1
Project("{FAE04EC0-301F-11D3-BF4B-00C04F79EFBC}") = "SportsStore.WebUI", "SportsStore.WebUI\SportsStore.WebUI.csproj", "{1F667351-66D1-42DC-94B2-7D4B86FDDA8C}"
EndProject
Project("{FAE04EC0-301F-11D3-BF4B-00C04F79EFBC}") = "SportsStore.UnitTests", "SportsStore.UnitTests\SportsStore.UnitTests.csproj", "{993BB674-FC11-4A0E-ABE7-0ADB6FBFD191}"
EndProject
Project("{FAE04EC0-301F-11D3-BF4B-00C04F79EFBC}") = "SportsStore.Domain", "SportsStore.Domain\SportsStore.Domain.csproj", "{084FB216-745F-4207-9705-31F2668A8198}"
EndProject
Global
	GlobalSection(SolutionConfigurationPlatforms) = preSolution
		Debug|Any CPU = Debug|Any CPU
		Release|Any CPU = Release|Any CPU
	EndGlobalSection
	GlobalSection(ProjectConfigurationPlatforms) = postSolution
		{1F667351-66D1-42DC-94B2-7D4B86FDDA8C}.Debug|Any CPU.ActiveCfg = Debug|Any CPU
		{1F667351-66D1-42DC-94B2-7D4B86FDDA8C}.Debug|Any CPU.Build.0 = Debug|Any CPU
		{1F667351-66D1-42DC-94B2-7D4B86FDDA8C}.Release|Any CPU.ActiveCfg = Release|Any CPU
		{1F667351-66D1-42DC-94B2-7D4B86FDDA8C}.Release|Any CPU.Build.0 = Release|Any CPU
		{993BB674-FC11-4A0E-ABE7-0ADB6FBFD191}.Debug|Any CPU.ActiveCfg = Debug|Any CPU
		{993BB674-FC11-4A0E-ABE7-0ADB6FBFD191}.Debug|Any CPU.Build.0 = Debug|Any CPU
		{993BB674-FC11-4A0E-ABE7-0ADB6FBFD191}.Release|Any CPU.ActiveCfg = Release|Any CPU
		{993BB674-FC11-4A0E-ABE7-0ADB6FBFD191}.Release|Any CPU.Build.0 = Release|Any CPU
		{084FB216-745F-4207-9705-31F2668A8198}.Debug|Any CPU.ActiveCfg = Debug|Any CPU
		{084FB216-745F-4207-9705-31F2668A8198}.Debug|Any CPU.Build.0 = Debug|Any CPU
		{084FB216-745F-4207-9705-31F2668A8198}.Release|Any CPU.ActiveCfg = Release|Any CPU
		{084FB216-745F-4207-9705-31F2668A8198}.Release|Any CPU.Build.0 = Release|Any CPU
	EndGlobalSection
	GlobalSection(SolutionProperties) = preSolution
		HideSolutionNode = FALSE
	EndGlobalSection
EndGlobal
